
Microsoft Visual Studio Solution File, Format Version 12.00
# Visual Studio Version 16
VisualStudioVersion = 16.0.30503.244
MinimumVisualStudioVersion = 10.0.40219.1
Project("{FAE04EC0-301F-11D3-BF4B-00C04F79EFBC}") = "SuperBank", "SuperBank.csproj", "{FAC88F77-2199-4F38-8F92-C7908F1ADC0F}"
EndProject
Global
	GlobalSection(SolutionConfigurationPlatforms) = preSolution
		Debug|Any CPU = Debug|Any CPU
		Release|Any CPU = Release|Any CPU
	EndGlobalSection
	GlobalSection(ProjectConfigurationPlatforms) = postSolution
		{FAC88F77-2199-4F38-8F92-C7908F1ADC0F}.Debug|Any CPU.ActiveCfg = Debug|Any CPU
		{FAC88F77-2199-4F38-8F92-C7908F1ADC0F}.Debug|Any CPU.Build.0 = Debug|Any CPU
		{FAC88F77-2199-4F38-8F92-C7908F1ADC0F}.Release|Any CPU.ActiveCfg = Release|Any CPU
		{FAC88F77-2199-4F38-8F92-C7908F1ADC0F}.Release|Any CPU.Build.0 = Release|Any CPU
	EndGlobalSection
	GlobalSection(SolutionProperties) = preSolution
		HideSolutionNode = FALSE
	EndGlobalSection
	GlobalSection(ExtensibilityGlobals) = postSolution
		SolutionGuid = {D9963A6F-547C-46D1-AB0D-450A201C1D9D}
	EndGlobalSection
EndGlobal
